// !$*UTF8*$!
{
	archiveVersion = 1;
	classes = {
	};
	objectVersion = 50;
	objects = {

/* Begin PBXBuildFile section */
		121DE3AF2486432000CD11F0 /* AppDelegate.swift in Sources */ = {isa = PBXBuildFile; fileRef = 121DE3AE2486432000CD11F0 /* AppDelegate.swift */; };
		121DE3B32486432000CD11F0 /* CharacterListViewController.swift in Sources */ = {isa = PBXBuildFile; fileRef = 121DE3B22486432000CD11F0 /* CharacterListViewController.swift */; };
		121DE3B82486432B00CD11F0 /* Assets.xcassets in Resources */ = {isa = PBXBuildFile; fileRef = 121DE3B72486432B00CD11F0 /* Assets.xcassets */; };
		121DE3BB2486432B00CD11F0 /* LaunchScreen.storyboard in Resources */ = {isa = PBXBuildFile; fileRef = 121DE3B92486432B00CD11F0 /* LaunchScreen.storyboard */; };
		121DE3C32486449500CD11F0 /* TableViewCell.swift in Sources */ = {isa = PBXBuildFile; fileRef = 121DE3C22486449500CD11F0 /* TableViewCell.swift */; };
		121DE3C52486474200CD11F0 /* ChracterListBuilder.swift in Sources */ = {isa = PBXBuildFile; fileRef = 121DE3C42486474200CD11F0 /* ChracterListBuilder.swift */; };
		121DE3CB24864DDC00CD11F0 /* APIManager.swift in Sources */ = {isa = PBXBuildFile; fileRef = 121DE3CA24864DDC00CD11F0 /* APIManager.swift */; };
		121DE3CD24864E2B00CD11F0 /* NetworkRequest.swift in Sources */ = {isa = PBXBuildFile; fileRef = 121DE3CC24864E2B00CD11F0 /* NetworkRequest.swift */; };
		121DE3CF24864E4A00CD11F0 /* ResponseEmpty.swift in Sources */ = {isa = PBXBuildFile; fileRef = 121DE3CE24864E4A00CD11F0 /* ResponseEmpty.swift */; };
		121DE3D224864E9000CD11F0 /* CharacterListRequest.swift in Sources */ = {isa = PBXBuildFile; fileRef = 121DE3D124864E9000CD11F0 /* CharacterListRequest.swift */; };
		121DE3D524864EBE00CD11F0 /* CharacterRequestModel.swift in Sources */ = {isa = PBXBuildFile; fileRef = 121DE3D424864EBE00CD11F0 /* CharacterRequestModel.swift */; };
		121DE3D824864EFC00CD11F0 /* CharacterListResponseModel.swift in Sources */ = {isa = PBXBuildFile; fileRef = 121DE3D724864EFC00CD11F0 /* CharacterListResponseModel.swift */; };
		121DE3DE2486799300CD11F0 /* LoadingIndicator.swift in Sources */ = {isa = PBXBuildFile; fileRef = 121DE3DD2486799300CD11F0 /* LoadingIndicator.swift */; };
/* End PBXBuildFile section */

/* Begin PBXFileReference section */
		121DE3AB2486432000CD11F0 /* MarvelCase.app */ = {isa = PBXFileReference; explicitFileType = wrapper.application; includeInIndex = 0; path = MarvelCase.app; sourceTree = BUILT_PRODUCTS_DIR; };
		121DE3AE2486432000CD11F0 /* AppDelegate.swift */ = {isa = PBXFileReference; lastKnownFileType = sourcecode.swift; path = AppDelegate.swift; sourceTree = "<group>"; };
		121DE3B22486432000CD11F0 /* CharacterListViewController.swift */ = {isa = PBXFileReference; lastKnownFileType = sourcecode.swift; path = CharacterListViewController.swift; sourceTree = "<group>"; };
		121DE3B72486432B00CD11F0 /* Assets.xcassets */ = {isa = PBXFileReference; lastKnownFileType = folder.assetcatalog; path = Assets.xcassets; sourceTree = "<group>"; };
		121DE3BA2486432B00CD11F0 /* Base */ = {isa = PBXFileReference; lastKnownFileType = file.storyboard; name = Base; path = Base.lproj/LaunchScreen.storyboard; sourceTree = "<group>"; };
		121DE3BC2486432B00CD11F0 /* Info.plist */ = {isa = PBXFileReference; lastKnownFileType = text.plist.xml; path = Info.plist; sourceTree = "<group>"; };
		121DE3C22486449500CD11F0 /* TableViewCell.swift */ = {isa = PBXFileReference; lastKnownFileType = sourcecode.swift; path = TableViewCell.swift; sourceTree = "<group>"; };
		121DE3C42486474200CD11F0 /* ChracterListBuilder.swift */ = {isa = PBXFileReference; lastKnownFileType = sourcecode.swift; path = ChracterListBuilder.swift; sourceTree = "<group>"; };
		121DE3CA24864DDC00CD11F0 /* APIManager.swift */ = {isa = PBXFileReference; lastKnownFileType = sourcecode.swift; path = APIManager.swift; sourceTree = "<group>"; };
		121DE3CC24864E2B00CD11F0 /* NetworkRequest.swift */ = {isa = PBXFileReference; lastKnownFileType = sourcecode.swift; path = NetworkRequest.swift; sourceTree = "<group>"; };
		121DE3CE24864E4A00CD11F0 /* ResponseEmpty.swift */ = {isa = PBXFileReference; lastKnownFileType = sourcecode.swift; path = ResponseEmpty.swift; sourceTree = "<group>"; };
		121DE3D124864E9000CD11F0 /* CharacterListRequest.swift */ = {isa = PBXFileReference; lastKnownFileType = sourcecode.swift; path = CharacterListRequest.swift; sourceTree = "<group>"; };
		121DE3D424864EBE00CD11F0 /* CharacterRequestModel.swift */ = {isa = PBXFileReference; lastKnownFileType = sourcecode.swift; path = CharacterRequestModel.swift; sourceTree = "<group>"; };
		121DE3D724864EFC00CD11F0 /* CharacterListResponseModel.swift */ = {isa = PBXFileReference; lastKnownFileType = sourcecode.swift; path = CharacterListResponseModel.swift; sourceTree = "<group>"; };
		121DE3DD2486799300CD11F0 /* LoadingIndicator.swift */ = {isa = PBXFileReference; lastKnownFileType = sourcecode.swift; path = LoadingIndicator.swift; sourceTree = "<group>"; };
/* End PBXFileReference section */

/* Begin PBXFrameworksBuildPhase section */
		121DE3A82486432000CD11F0 /* Frameworks */ = {
			isa = PBXFrameworksBuildPhase;
			buildActionMask = 2147483647;
			files = (
			);
			runOnlyForDeploymentPostprocessing = 0;
		};
/* End PBXFrameworksBuildPhase section */

/* Begin PBXGroup section */
		121DE3A22486432000CD11F0 = {
			isa = PBXGroup;
			children = (
				121DE3AD2486432000CD11F0 /* MarvelCase */,
				121DE3AC2486432000CD11F0 /* Products */,
			);
			sourceTree = "<group>";
		};
		121DE3AC2486432000CD11F0 /* Products */ = {
			isa = PBXGroup;
			children = (
				121DE3AB2486432000CD11F0 /* MarvelCase.app */,
			);
			name = Products;
			sourceTree = "<group>";
		};
		121DE3AD2486432000CD11F0 /* MarvelCase */ = {
			isa = PBXGroup;
			children = (
				121DE3DA2486794D00CD11F0 /* Helpers */,
				121DE3C924864DB000CD11F0 /* Network */,
				121DE3C824864CBD00CD11F0 /* Builders */,
				121DE3C724864CB600CD11F0 /* Views */,
				121DE3C624864CAA00CD11F0 /* Controllers */,
				121DE3AE2486432000CD11F0 /* AppDelegate.swift */,
				121DE3B72486432B00CD11F0 /* Assets.xcassets */,
				121DE3B92486432B00CD11F0 /* LaunchScreen.storyboard */,
				121DE3BC2486432B00CD11F0 /* Info.plist */,
			);
			path = MarvelCase;
			sourceTree = "<group>";
		};
		121DE3C624864CAA00CD11F0 /* Controllers */ = {
			isa = PBXGroup;
			children = (
				121DE3B22486432000CD11F0 /* CharacterListViewController.swift */,
			);
			path = Controllers;
			sourceTree = "<group>";
		};
		121DE3C724864CB600CD11F0 /* Views */ = {
			isa = PBXGroup;
			children = (
				121DE3C22486449500CD11F0 /* TableViewCell.swift */,
			);
			path = Views;
			sourceTree = "<group>";
		};
		121DE3C824864CBD00CD11F0 /* Builders */ = {
			isa = PBXGroup;
			children = (
				121DE3C42486474200CD11F0 /* ChracterListBuilder.swift */,
			);
			path = Builders;
			sourceTree = "<group>";
		};
		121DE3C924864DB000CD11F0 /* Network */ = {
			isa = PBXGroup;
			children = (
				121DE3D924864F7B00CD11F0 /* APIManager */,
				121DE3D324864EAA00CD11F0 /* RequestModel */,
				121DE3D024864E7C00CD11F0 /* Request */,
				121DE3D624864EDE00CD11F0 /* ResponseModel */,
			);
			path = Network;
			sourceTree = "<group>";
		};
		121DE3D024864E7C00CD11F0 /* Request */ = {
			isa = PBXGroup;
			children = (
				121DE3D124864E9000CD11F0 /* CharacterListRequest.swift */,
			);
			path = Request;
			sourceTree = "<group>";
		};
		121DE3D324864EAA00CD11F0 /* RequestModel */ = {
			isa = PBXGroup;
			children = (
				121DE3D424864EBE00CD11F0 /* CharacterRequestModel.swift */,
			);
			path = RequestModel;
			sourceTree = "<group>";
		};
		121DE3D624864EDE00CD11F0 /* ResponseModel */ = {
			isa = PBXGroup;
			children = (
				121DE3D724864EFC00CD11F0 /* CharacterListResponseModel.swift */,
			);
			path = ResponseModel;
			sourceTree = "<group>";
		};
		121DE3D924864F7B00CD11F0 /* APIManager */ = {
			isa = PBXGroup;
			children = (
				121DE3CC24864E2B00CD11F0 /* NetworkRequest.swift */,
				121DE3CA24864DDC00CD11F0 /* APIManager.swift */,
				121DE3CE24864E4A00CD11F0 /* ResponseEmpty.swift */,
			);
			path = APIManager;
			sourceTree = "<group>";
		};
		121DE3DA2486794D00CD11F0 /* Helpers */ = {
			isa = PBXGroup;
			children = (
				121DE3DD2486799300CD11F0 /* LoadingIndicator.swift */,
			);
			path = Helpers;
			sourceTree = "<group>";
		};
/* End PBXGroup section */

/* Begin PBXNativeTarget section */
		121DE3AA2486432000CD11F0 /* MarvelCase */ = {
			isa = PBXNativeTarget;
			buildConfigurationList = 121DE3BF2486432B00CD11F0 /* Build configuration list for PBXNativeTarget "MarvelCase" */;
			buildPhases = (
				121DE3A72486432000CD11F0 /* Sources */,
				121DE3A82486432000CD11F0 /* Frameworks */,
				121DE3A92486432000CD11F0 /* Resources */,
			);
			buildRules = (
			);
			dependencies = (
			);
			name = MarvelCase;
			productName = MarvelCase;
			productReference = 121DE3AB2486432000CD11F0 /* MarvelCase.app */;
			productType = "com.apple.product-type.application";
		};
/* End PBXNativeTarget section */

/* Begin PBXProject section */
		121DE3A32486432000CD11F0 /* Project object */ = {
			isa = PBXProject;
			attributes = {
				LastSwiftUpdateCheck = 1150;
				LastUpgradeCheck = 1150;
				ORGANIZATIONNAME = Oguz;
				TargetAttributes = {
					121DE3AA2486432000CD11F0 = {
						CreatedOnToolsVersion = 11.5;
					};
				};
			};
			buildConfigurationList = 121DE3A62486432000CD11F0 /* Build configuration list for PBXProject "MarvelCase" */;
			compatibilityVersion = "Xcode 9.3";
			developmentRegion = en;
			hasScannedForEncodings = 0;
			knownRegions = (
				en,
				Base,
			);
			mainGroup = 121DE3A22486432000CD11F0;
			productRefGroup = 121DE3AC2486432000CD11F0 /* Products */;
			projectDirPath = "";
			projectRoot = "";
			targets = (
				121DE3AA2486432000CD11F0 /* MarvelCase */,
			);
		};
/* End PBXProject section */

/* Begin PBXResourcesBuildPhase section */
		121DE3A92486432000CD11F0 /* Resources */ = {
			isa = PBXResourcesBuildPhase;
			buildActionMask = 2147483647;
			files = (
				121DE3BB2486432B00CD11F0 /* LaunchScreen.storyboard in Resources */,
				121DE3B82486432B00CD11F0 /* Assets.xcassets in Resources */,
			);
			runOnlyForDeploymentPostprocessing = 0;
		};
/* End PBXResourcesBuildPhase section */

/* Begin PBXSourcesBuildPhase section */
		121DE3A72486432000CD11F0 /* Sources */ = {
			isa = PBXSourcesBuildPhase;
			buildActionMask = 2147483647;
			files = (
				121DE3DE2486799300CD11F0 /* LoadingIndicator.swift in Sources */,
				121DE3D824864EFC00CD11F0 /* CharacterListResponseModel.swift in Sources */,
				121DE3C32486449500CD11F0 /* TableViewCell.swift in Sources */,
				121DE3B32486432000CD11F0 /* CharacterListViewController.swift in Sources */,
				121DE3CF24864E4A00CD11F0 /* ResponseEmpty.swift in Sources */,
				121DE3CB24864DDC00CD11F0 /* APIManager.swift in Sources */,
				121DE3AF2486432000CD11F0 /* AppDelegate.swift in Sources */,
				121DE3D524864EBE00CD11F0 /* CharacterRequestModel.swift in Sources */,
				121DE3CD24864E2B00CD11F0 /* NetworkRequest.swift in Sources */,
				121DE3C52486474200CD11F0 /* ChracterListBuilder.swift in Sources */,
				121DE3D224864E9000CD11F0 /* CharacterListRequest.swift in Sources */,
			);
			runOnlyForDeploymentPostprocessing = 0;
		};
/* End PBXSourcesBuildPhase section */

/* Begin PBXVariantGroup section */
		121DE3B92486432B00CD11F0 /* LaunchScreen.storyboard */ = {
			isa = PBXVariantGroup;
			children = (
				121DE3BA2486432B00CD11F0 /* Base */,
			);
			name = LaunchScreen.storyboard;
			sourceTree = "<group>";
		};
/* End PBXVariantGroup section */

/* Begin XCBuildConfiguration section */
		121DE3BD2486432B00CD11F0 /* Debug */ = {
			isa = XCBuildConfiguration;
			buildSettings = {
				ALWAYS_SEARCH_USER_PATHS = NO;
				CLANG_ANALYZER_NONNULL = YES;
				CLANG_ANALYZER_NUMBER_OBJECT_CONVERSION = YES_AGGRESSIVE;
				CLANG_CXX_LANGUAGE_STANDARD = "gnu++14";
				CLANG_CXX_LIBRARY = "libc++";
				CLANG_ENABLE_MODULES = YES;
				CLANG_ENABLE_OBJC_ARC = YES;
				CLANG_ENABLE_OBJC_WEAK = YES;
				CLANG_WARN_BLOCK_CAPTURE_AUTORELEASING = YES;
				CLANG_WARN_BOOL_CONVERSION = YES;
				CLANG_WARN_COMMA = YES;
				CLANG_WARN_CONSTANT_CONVERSION = YES;
				CLANG_WARN_DEPRECATED_OBJC_IMPLEMENTATIONS = YES;
				CLANG_WARN_DIRECT_OBJC_ISA_USAGE = YES_ERROR;
				CLANG_WARN_DOCUMENTATION_COMMENTS = YES;
				CLANG_WARN_EMPTY_BODY = YES;
				CLANG_WARN_ENUM_CONVERSION = YES;
				CLANG_WARN_INFINITE_RECURSION = YES;
				CLANG_WARN_INT_CONVERSION = YES;
				CLANG_WARN_NON_LITERAL_NULL_CONVERSION = YES;
				CLANG_WARN_OBJC_IMPLICIT_RETAIN_SELF = YES;
				CLANG_WARN_OBJC_LITERAL_CONVERSION = YES;
				CLANG_WARN_OBJC_ROOT_CLASS = YES_ERROR;
				CLANG_WARN_RANGE_LOOP_ANALYSIS = YES;
				CLANG_WARN_STRICT_PROTOTYPES = YES;
				CLANG_WARN_SUSPICIOUS_MOVE = YES;
				CLANG_WARN_UNGUARDED_AVAILABILITY = YES_AGGRESSIVE;
				CLANG_WARN_UNREACHABLE_CODE = YES;
				CLANG_WARN__DUPLICATE_METHOD_MATCH = YES;
				COPY_PHASE_STRIP = NO;
				DEBUG_INFORMATION_FORMAT = dwarf;
				ENABLE_STRICT_OBJC_MSGSEND = YES;
				ENABLE_TESTABILITY = YES;
				GCC_C_LANGUAGE_STANDARD = gnu11;
				GCC_DYNAMIC_NO_PIC = NO;
				GCC_NO_COMMON_BLOCKS = YES;
				GCC_OPTIMIZATION_LEVEL = 0;
				GCC_PREPROCESSOR_DEFINITIONS = (
					"DEBUG=1",
					"$(inherited)",
				);
				GCC_WARN_64_TO_32_BIT_CONVERSION = YES;
				GCC_WARN_ABOUT_RETURN_TYPE = YES_ERROR;
				GCC_WARN_UNDECLARED_SELECTOR = YES;
				GCC_WARN_UNINITIALIZED_AUTOS = YES_AGGRESSIVE;
				GCC_WARN_UNUSED_FUNCTION = YES;
				GCC_WARN_UNUSED_VARIABLE = YES;
				IPHONEOS_DEPLOYMENT_TARGET = 13.5;
				MTL_ENABLE_DEBUG_INFO = INCLUDE_SOURCE;
				MTL_FAST_MATH = YES;
				ONLY_ACTIVE_ARCH = YES;
				SDKROOT = iphoneos;
				SWIFT_ACTIVE_COMPILATION_CONDITIONS = DEBUG;
				SWIFT_OPTIMIZATION_LEVEL = "-Onone";
			};
			name = Debug;
		};
		121DE3BE2486432B00CD11F0 /* Release */ = {
			isa = XCBuildConfiguration;
			buildSettings = {
				ALWAYS_SEARCH_USER_PATHS = NO;
				CLANG_ANALYZER_NONNULL = YES;
				CLANG_ANALYZER_NUMBER_OBJECT_CONVERSION = YES_AGGRESSIVE;
				CLANG_CXX_LANGUAGE_STANDARD = "gnu++14";
				CLANG_CXX_LIBRARY = "libc++";
				CLANG_ENABLE_MODULES = YES;
				CLANG_ENABLE_OBJC_ARC = YES;
				CLANG_ENABLE_OBJC_WEAK = YES;
				CLANG_WARN_BLOCK_CAPTURE_AUTORELEASING = YES;
				CLANG_WARN_BOOL_CONVERSION = YES;
				CLANG_WARN_COMMA = YES;
				CLANG_WARN_CONSTANT_CONVERSION = YES;
				CLANG_WARN_DEPRECATED_OBJC_IMPLEMENTATIONS = YES;
				CLANG_WARN_DIRECT_OBJC_ISA_USAGE = YES_ERROR;
				CLANG_WARN_DOCUMENTATION_COMMENTS = YES;
				CLANG_WARN_EMPTY_BODY = YES;
				CLANG_WARN_ENUM_CONVERSION = YES;
				CLANG_WARN_INFINITE_RECURSION = YES;
				CLANG_WARN_INT_CONVERSION = YES;
				CLANG_WARN_NON_LITERAL_NULL_CONVERSION = YES;
				CLANG_WARN_OBJC_IMPLICIT_RETAIN_SELF = YES;
				CLANG_WARN_OBJC_LITERAL_CONVERSION = YES;
				CLANG_WARN_OBJC_ROOT_CLASS = YES_ERROR;
				CLANG_WARN_RANGE_LOOP_ANALYSIS = YES;
				CLANG_WARN_STRICT_PROTOTYPES = YES;
				CLANG_WARN_SUSPICIOUS_MOVE = YES;
				CLANG_WARN_UNGUARDED_AVAILABILITY = YES_AGGRESSIVE;
				CLANG_WARN_UNREACHABLE_CODE = YES;
				CLANG_WARN__DUPLICATE_METHOD_MATCH = YES;
				COPY_PHASE_STRIP = NO;
				DEBUG_INFORMATION_FORMAT = "dwarf-with-dsym";
				ENABLE_NS_ASSERTIONS = NO;
				ENABLE_STRICT_OBJC_MSGSEND = YES;
				GCC_C_LANGUAGE_STANDARD = gnu11;
				GCC_NO_COMMON_BLOCKS = YES;
				GCC_WARN_64_TO_32_BIT_CONVERSION = YES;
				GCC_WARN_ABOUT_RETURN_TYPE = YES_ERROR;
				GCC_WARN_UNDECLARED_SELECTOR = YES;
				GCC_WARN_UNINITIALIZED_AUTOS = YES_AGGRESSIVE;
				GCC_WARN_UNUSED_FUNCTION = YES;
				GCC_WARN_UNUSED_VARIABLE = YES;
				IPHONEOS_DEPLOYMENT_TARGET = 13.5;
				MTL_ENABLE_DEBUG_INFO = NO;
				MTL_FAST_MATH = YES;
				SDKROOT = iphoneos;
				SWIFT_COMPILATION_MODE = wholemodule;
				SWIFT_OPTIMIZATION_LEVEL = "-O";
				VALIDATE_PRODUCT = YES;
			};
			name = Release;
		};
		121DE3C02486432B00CD11F0 /* Debug */ = {
			isa = XCBuildConfiguration;
			buildSettings = {
				ASSETCATALOG_COMPILER_APPICON_NAME = AppIcon;
				CODE_SIGN_STYLE = Automatic;
				DEVELOPMENT_TEAM = VYNNYZBQ5A;
				INFOPLIST_FILE = MarvelCase/Info.plist;
				IPHONEOS_DEPLOYMENT_TARGET = 12.0;
				LD_RUNPATH_SEARCH_PATHS = (
					"$(inherited)",
					"@executable_path/Frameworks",
				);
				PRODUCT_BUNDLE_IDENTIFIER = com.oguzozturk.MarvelCase;
				PRODUCT_NAME = "$(TARGET_NAME)";
				SWIFT_VERSION = 5.0;
				TARGETED_DEVICE_FAMILY = 1;
			};
			name = Debug;
		};
		121DE3C12486432B00CD11F0 /* Release */ = {
			isa = XCBuildConfiguration;
			buildSettings = {
				ASSETCATALOG_COMPILER_APPICON_NAME = AppIcon;
				CODE_SIGN_STYLE = Automatic;
				DEVELOPMENT_TEAM = VYNNYZBQ5A;
				INFOPLIST_FILE = MarvelCase/Info.plist;
				IPHONEOS_DEPLOYMENT_TARGET = 12.0;
				LD_RUNPATH_SEARCH_PATHS = (
					"$(inherited)",
					"@executable_path/Frameworks",
				);
				PRODUCT_BUNDLE_IDENTIFIER = com.oguzozturk.MarvelCase;
				PRODUCT_NAME = "$(TARGET_NAME)";
				SWIFT_VERSION = 5.0;
				TARGETED_DEVICE_FAMILY = 1;
			};
			name = Release;
		};
/* End XCBuildConfiguration section */

/* Begin XCConfigurationList section */
		121DE3A62486432000CD11F0 /* Build configuration list for PBXProject "MarvelCase" */ = {
			isa = XCConfigurationList;
			buildConfigurations = (
				121DE3BD2486432B00CD11F0 /* Debug */,
				121DE3BE2486432B00CD11F0 /* Release */,
			);
			defaultConfigurationIsVisible = 0;
			defaultConfigurationName = Release;
		};
		121DE3BF2486432B00CD11F0 /* Build configuration list for PBXNativeTarget "MarvelCase" */ = {
			isa = XCConfigurationList;
			buildConfigurations = (
				121DE3C02486432B00CD11F0 /* Debug */,
				121DE3C12486432B00CD11F0 /* Release */,
			);
			defaultConfigurationIsVisible = 0;
			defaultConfigurationName = Release;
		};
/* End XCConfigurationList section */
	};
	rootObject = 121DE3A32486432000CD11F0 /* Project object */;
}
